
Microsoft Visual Studio Solution File, Format Version 12.00
# Visual Studio Version 16
VisualStudioVersion = 16.0.31129.286
MinimumVisualStudioVersion = 10.0.40219.1
Project("{FAE04EC0-301F-11D3-BF4B-00C04F79EFBC}") = "back-homework-12.09.2022", "back-homework-12.09.2022.csproj", "{725EC891-D056-4756-8E12-36CDE0C84A86}"
EndProject
Global
	GlobalSection(SolutionConfigurationPlatforms) = preSolution
		Debug|Any CPU = Debug|Any CPU
		Release|Any CPU = Release|Any CPU
	EndGlobalSection
	GlobalSection(ProjectConfigurationPlatforms) = postSolution
		{725EC891-D056-4756-8E12-36CDE0C84A86}.Debug|Any CPU.ActiveCfg = Debug|Any CPU
		{725EC891-D056-4756-8E12-36CDE0C84A86}.Debug|Any CPU.Build.0 = Debug|Any CPU
		{725EC891-D056-4756-8E12-36CDE0C84A86}.Release|Any CPU.ActiveCfg = Release|Any CPU
		{725EC891-D056-4756-8E12-36CDE0C84A86}.Release|Any CPU.Build.0 = Release|Any CPU
	EndGlobalSection
	GlobalSection(SolutionProperties) = preSolution
		HideSolutionNode = FALSE
	EndGlobalSection
	GlobalSection(ExtensibilityGlobals) = postSolution
		SolutionGuid = {65E7B83E-6A60-4FC2-A5D0-2ABCAC11BE60}
	EndGlobalSection
EndGlobal
